
Microsoft Visual Studio Solution File, Format Version 12.00
# Visual Studio Version 17
VisualStudioVersion = 17.14.36804.6
MinimumVisualStudioVersion = 10.0.40219.1
Project("{FAE04EC0-301F-11D3-BF4B-00C04F79EFBC}") = "PublishTool", "PublishTool\PublishTool.csproj", "{411A33E6-EB85-4AEB-A9B9-BC2F00521632}"
EndProject
Project("{FAE04EC0-301F-11D3-BF4B-00C04F79EFBC}") = "PublishWeb", "PublishWeb\PublishWeb.csproj", "{D4570B96-7442-411B-875F-45D90B68A5E6}"
EndProject
Project("{FAE04EC0-301F-11D3-BF4B-00C04F79EFBC}") = "PublishDesk", "PublishDesk\PublishDesk.csproj", "{238C6026-5F43-4B51-A930-74FEBE01810D}"
EndProject
Global
	GlobalSection(SolutionConfigurationPlatforms) = preSolution
		Debug|Any CPU = Debug|Any CPU
		Release|Any CPU = Release|Any CPU
	EndGlobalSection
	GlobalSection(ProjectConfigurationPlatforms) = postSolution
		{411A33E6-EB85-4AEB-A9B9-BC2F00521632}.Debug|Any CPU.ActiveCfg = Debug|Any CPU
		{411A33E6-EB85-4AEB-A9B9-BC2F00521632}.Debug|Any CPU.Build.0 = Debug|Any CPU
		{411A33E6-EB85-4AEB-A9B9-BC2F00521632}.Release|Any CPU.ActiveCfg = Release|Any CPU
		{411A33E6-EB85-4AEB-A9B9-BC2F00521632}.Release|Any CPU.Build.0 = Release|Any CPU
		{D4570B96-7442-411B-875F-45D90B68A5E6}.Debug|Any CPU.ActiveCfg = Debug|Any CPU
		{D4570B96-7442-411B-875F-45D90B68A5E6}.Debug|Any CPU.Build.0 = Debug|Any CPU
		{D4570B96-7442-411B-875F-45D90B68A5E6}.Release|Any CPU.ActiveCfg = Release|Any CPU
		{D4570B96-7442-411B-875F-45D90B68A5E6}.Release|Any CPU.Build.0 = Release|Any CPU
		{238C6026-5F43-4B51-A930-74FEBE01810D}.Debug|Any CPU.ActiveCfg = Debug|Any CPU
		{238C6026-5F43-4B51-A930-74FEBE01810D}.Debug|Any CPU.Build.0 = Debug|Any CPU
		{238C6026-5F43-4B51-A930-74FEBE01810D}.Release|Any CPU.ActiveCfg = Release|Any CPU
		{238C6026-5F43-4B51-A930-74FEBE01810D}.Release|Any CPU.Build.0 = Release|Any CPU
	EndGlobalSection
	GlobalSection(SolutionProperties) = preSolution
		HideSolutionNode = FALSE
	EndGlobalSection
	GlobalSection(ExtensibilityGlobals) = postSolution
		SolutionGuid = {6089ACF9-7E62-4B1F-A064-9CF703BA2CE8}
	EndGlobalSection
EndGlobal
