
Microsoft Visual Studio Solution File, Format Version 12.00
# Visual Studio Version 17
VisualStudioVersion = 17.8.34511.84
MinimumVisualStudioVersion = 10.0.40219.1
Project("{FAE04EC0-301F-11D3-BF4B-00C04F79EFBC}") = "ScheduleVerify", "ScheduleVerify\ScheduleVerify.csproj", "{239B4953-CFF6-4F53-A2BD-D2791D458DBE}"
EndProject
Global
	GlobalSection(SolutionConfigurationPlatforms) = preSolution
		Debug|Any CPU = Debug|Any CPU
		Release|Any CPU = Release|Any CPU
	EndGlobalSection
	GlobalSection(ProjectConfigurationPlatforms) = postSolution
		{239B4953-CFF6-4F53-A2BD-D2791D458DBE}.Debug|Any CPU.ActiveCfg = Debug|Any CPU
		{239B4953-CFF6-4F53-A2BD-D2791D458DBE}.Debug|Any CPU.Build.0 = Debug|Any CPU
		{239B4953-CFF6-4F53-A2BD-D2791D458DBE}.Release|Any CPU.ActiveCfg = Release|Any CPU
		{239B4953-CFF6-4F53-A2BD-D2791D458DBE}.Release|Any CPU.Build.0 = Release|Any CPU
	EndGlobalSection
	GlobalSection(SolutionProperties) = preSolution
		HideSolutionNode = FALSE
	EndGlobalSection
	GlobalSection(ExtensibilityGlobals) = postSolution
		SolutionGuid = {6FD71896-4485-4096-BDF3-26DF5C34702B}
	EndGlobalSection
EndGlobal
