
Microsoft Visual Studio Solution File, Format Version 12.00
# Visual Studio Version 17
VisualStudioVersion = 17.8.34511.84
MinimumVisualStudioVersion = 10.0.40219.1
Project("{9A19103F-16F7-4668-BE54-9A1E7A4F7556}") = "ConsoleApp2", "ConsoleApp2\ConsoleApp2.csproj", "{354481D5-5900-45F9-B82A-496439BF4794}"
EndProject
Project("{FAE04EC0-301F-11D3-BF4B-00C04F79EFBC}") = "TaskManager", "TaskManager\TaskManager.csproj", "{8B520190-BAB1-484C-9716-2CD92F3AF6B6}"
EndProject
Global
	GlobalSection(SolutionConfigurationPlatforms) = preSolution
		Debug|Any CPU = Debug|Any CPU
		Release|Any CPU = Release|Any CPU
	EndGlobalSection
	GlobalSection(ProjectConfigurationPlatforms) = postSolution
		{354481D5-5900-45F9-B82A-496439BF4794}.Debug|Any CPU.ActiveCfg = Debug|Any CPU
		{354481D5-5900-45F9-B82A-496439BF4794}.Debug|Any CPU.Build.0 = Debug|Any CPU
		{354481D5-5900-45F9-B82A-496439BF4794}.Release|Any CPU.ActiveCfg = Release|Any CPU
		{354481D5-5900-45F9-B82A-496439BF4794}.Release|Any CPU.Build.0 = Release|Any CPU
		{8B520190-BAB1-484C-9716-2CD92F3AF6B6}.Debug|Any CPU.ActiveCfg = Debug|Any CPU
		{8B520190-BAB1-484C-9716-2CD92F3AF6B6}.Debug|Any CPU.Build.0 = Debug|Any CPU
		{8B520190-BAB1-484C-9716-2CD92F3AF6B6}.Release|Any CPU.ActiveCfg = Release|Any CPU
		{8B520190-BAB1-484C-9716-2CD92F3AF6B6}.Release|Any CPU.Build.0 = Release|Any CPU
	EndGlobalSection
	GlobalSection(SolutionProperties) = preSolution
		HideSolutionNode = FALSE
	EndGlobalSection
	GlobalSection(ExtensibilityGlobals) = postSolution
		SolutionGuid = {40E4B6A0-BA18-454A-8A05-D09EBDB69F0A}
	EndGlobalSection
EndGlobal
