
Microsoft Visual Studio Solution File, Format Version 12.00
# Visual Studio Version 17
VisualStudioVersion = 17.8.34511.84
MinimumVisualStudioVersion = 10.0.40219.1
Project("{FAE04EC0-301F-11D3-BF4B-00C04F79EFBC}") = "VSIXProject1", "VSIXProject1.csproj", "{2D8A6E65-4814-4AB8-A4F6-D668BD473505}"
EndProject
Global
	GlobalSection(SolutionConfigurationPlatforms) = preSolution
		Debug|Any CPU = Debug|Any CPU
		Debug|arm64 = Debug|arm64
		Debug|x86 = Debug|x86
		Release|Any CPU = Release|Any CPU
		Release|arm64 = Release|arm64
		Release|x86 = Release|x86
	EndGlobalSection
	GlobalSection(ProjectConfigurationPlatforms) = postSolution
		{2D8A6E65-4814-4AB8-A4F6-D668BD473505}.Debug|Any CPU.ActiveCfg = Debug|Any CPU
		{2D8A6E65-4814-4AB8-A4F6-D668BD473505}.Debug|Any CPU.Build.0 = Debug|Any CPU
		{2D8A6E65-4814-4AB8-A4F6-D668BD473505}.Debug|arm64.ActiveCfg = Debug|arm64
		{2D8A6E65-4814-4AB8-A4F6-D668BD473505}.Debug|arm64.Build.0 = Debug|arm64
		{2D8A6E65-4814-4AB8-A4F6-D668BD473505}.Debug|x86.ActiveCfg = Debug|x86
		{2D8A6E65-4814-4AB8-A4F6-D668BD473505}.Debug|x86.Build.0 = Debug|x86
		{2D8A6E65-4814-4AB8-A4F6-D668BD473505}.Release|Any CPU.ActiveCfg = Release|Any CPU
		{2D8A6E65-4814-4AB8-A4F6-D668BD473505}.Release|Any CPU.Build.0 = Release|Any CPU
		{2D8A6E65-4814-4AB8-A4F6-D668BD473505}.Release|arm64.ActiveCfg = Release|arm64
		{2D8A6E65-4814-4AB8-A4F6-D668BD473505}.Release|arm64.Build.0 = Release|arm64
		{2D8A6E65-4814-4AB8-A4F6-D668BD473505}.Release|x86.ActiveCfg = Release|x86
		{2D8A6E65-4814-4AB8-A4F6-D668BD473505}.Release|x86.Build.0 = Release|x86
	EndGlobalSection
	GlobalSection(SolutionProperties) = preSolution
		HideSolutionNode = FALSE
	EndGlobalSection
	GlobalSection(ExtensibilityGlobals) = postSolution
		SolutionGuid = {6EBF7EC6-3E03-4A6C-AAF1-89A072E55A85}
	EndGlobalSection
EndGlobal
