
Microsoft Visual Studio Solution File, Format Version 12.00
# Visual Studio Version 17
VisualStudioVersion = 17.8.34511.84
MinimumVisualStudioVersion = 10.0.40219.1
Project("{FAE04EC0-301F-11D3-BF4B-00C04F79EFBC}") = "DocuEncoding", "DocuEncoding.csproj", "{873EA43E-43FF-49DB-A391-5FCD59E58AFA}"
EndProject
Global
	GlobalSection(SolutionConfigurationPlatforms) = preSolution
		Debug|Any CPU = Debug|Any CPU
		Release|Any CPU = Release|Any CPU
	EndGlobalSection
	GlobalSection(ProjectConfigurationPlatforms) = postSolution
		{873EA43E-43FF-49DB-A391-5FCD59E58AFA}.Debug|Any CPU.ActiveCfg = Debug|Any CPU
		{873EA43E-43FF-49DB-A391-5FCD59E58AFA}.Debug|Any CPU.Build.0 = Debug|Any CPU
		{873EA43E-43FF-49DB-A391-5FCD59E58AFA}.Release|Any CPU.ActiveCfg = Release|Any CPU
		{873EA43E-43FF-49DB-A391-5FCD59E58AFA}.Release|Any CPU.Build.0 = Release|Any CPU
	EndGlobalSection
	GlobalSection(SolutionProperties) = preSolution
		HideSolutionNode = FALSE
	EndGlobalSection
	GlobalSection(ExtensibilityGlobals) = postSolution
		SolutionGuid = {0F1F1BCB-27CF-45C1-904C-82E0A205EC24}
	EndGlobalSection
EndGlobal
