
Microsoft Visual Studio Solution File, Format Version 12.00
# Visual Studio Version 17
VisualStudioVersion = 17.8.34511.84
MinimumVisualStudioVersion = 10.0.40219.1
Project("{9A19103F-16F7-4668-BE54-9A1E7A4F7556}") = "MicroSoftware_Demo1", "MicroSoftware_Demo1.csproj", "{D6A5C0C8-0A92-48DC-AB09-F577155681F4}"
EndProject
Project("{9A19103F-16F7-4668-BE54-9A1E7A4F7556}") = "MiscoSoftware_ApiGateway", "..\MiscoSoftware_ApiGateway\MiscoSoftware_ApiGateway.csproj", "{0B4B75EF-E811-4EC9-92C3-64F027748855}"
EndProject
Project("{FAE04EC0-301F-11D3-BF4B-00C04F79EFBC}") = "MiscoSoftware_Demo2", "..\MiscoSoftware_Demo2\MiscoSoftware_Demo2.csproj", "{2BA92495-5A0E-4B9A-927C-AD9F81EA2F33}"
EndProject
Global
	GlobalSection(SolutionConfigurationPlatforms) = preSolution
		Debug|Any CPU = Debug|Any CPU
		Release|Any CPU = Release|Any CPU
	EndGlobalSection
	GlobalSection(ProjectConfigurationPlatforms) = postSolution
		{D6A5C0C8-0A92-48DC-AB09-F577155681F4}.Debug|Any CPU.ActiveCfg = Debug|Any CPU
		{D6A5C0C8-0A92-48DC-AB09-F577155681F4}.Debug|Any CPU.Build.0 = Debug|Any CPU
		{D6A5C0C8-0A92-48DC-AB09-F577155681F4}.Release|Any CPU.ActiveCfg = Release|Any CPU
		{D6A5C0C8-0A92-48DC-AB09-F577155681F4}.Release|Any CPU.Build.0 = Release|Any CPU
		{0B4B75EF-E811-4EC9-92C3-64F027748855}.Debug|Any CPU.ActiveCfg = Debug|Any CPU
		{0B4B75EF-E811-4EC9-92C3-64F027748855}.Debug|Any CPU.Build.0 = Debug|Any CPU
		{0B4B75EF-E811-4EC9-92C3-64F027748855}.Release|Any CPU.ActiveCfg = Release|Any CPU
		{0B4B75EF-E811-4EC9-92C3-64F027748855}.Release|Any CPU.Build.0 = Release|Any CPU
		{2BA92495-5A0E-4B9A-927C-AD9F81EA2F33}.Debug|Any CPU.ActiveCfg = Debug|Any CPU
		{2BA92495-5A0E-4B9A-927C-AD9F81EA2F33}.Debug|Any CPU.Build.0 = Debug|Any CPU
		{2BA92495-5A0E-4B9A-927C-AD9F81EA2F33}.Release|Any CPU.ActiveCfg = Release|Any CPU
		{2BA92495-5A0E-4B9A-927C-AD9F81EA2F33}.Release|Any CPU.Build.0 = Release|Any CPU
	EndGlobalSection
	GlobalSection(SolutionProperties) = preSolution
		HideSolutionNode = FALSE
	EndGlobalSection
	GlobalSection(ExtensibilityGlobals) = postSolution
		SolutionGuid = {6DE6E2E8-FD0E-4BBE-B920-DB097286A210}
	EndGlobalSection
EndGlobal
